
Microsoft Visual Studio Solution File, Format Version 12.00
# Visual Studio Version 17
VisualStudioVersion = 17.5.33424.131
MinimumVisualStudioVersion = 10.0.40219.1
Project("{8BC9CEB8-8B4A-11D0-8D11-00A0C91BC942}") = "ProblemMultiWaris", "ProblemMultiWaris\ProblemMultiWaris.vcxproj", "{895BAC47-8005-4E03-A405-516496C337C3}"
EndProject
Project("{8BC9CEB8-8B4A-11D0-8D11-00A0C91BC942}") = "SolveMultiWaris", "SolveMultiWaris\SolveMultiWaris.vcxproj", "{9789132E-F936-4AAC-A39D-E0E783BD1F5D}"
EndProject
Project("{8BC9CEB8-8B4A-11D0-8D11-00A0C91BC942}") = "Program noOverriding", "Program noOverriding\Program noOverriding.vcxproj", "{F7399FDC-81EE-4498-8B6B-B5475ECB9190}"
EndProject
Project("{8BC9CEB8-8B4A-11D0-8D11-00A0C91BC942}") = "Polymorphism", "Polymorphism\Polymorphism.vcxproj", "{5EC66209-912A-4140-9302-F7C6BBE2FA9E}"
EndProject
Project("{8BC9CEB8-8B4A-11D0-8D11-00A0C91BC942}") = "noPewaris", "noPewaris\noPewaris.vcxproj", "{CFD1B774-A06C-4172-BD0F-841CE1D51D7D}"
EndProject
Project("{8BC9CEB8-8B4A-11D0-8D11-00A0C91BC942}") = "enkapsulasi", "enkapsulasi\enkapsulasi.vcxproj", "{3A6C2967-0A3C-449A-93F9-9748B11354DB}"
EndProject
Global
	GlobalSection(SolutionConfigurationPlatforms) = preSolution
		Debug|x64 = Debug|x64
		Debug|x86 = Debug|x86
		Release|x64 = Release|x64
		Release|x86 = Release|x86
	EndGlobalSection
	GlobalSection(ProjectConfigurationPlatforms) = postSolution
		{895BAC47-8005-4E03-A405-516496C337C3}.Debug|x64.ActiveCfg = Debug|x64
		{895BAC47-8005-4E03-A405-516496C337C3}.Debug|x64.Build.0 = Debug|x64
		{895BAC47-8005-4E03-A405-516496C337C3}.Debug|x86.ActiveCfg = Debug|Win32
		{895BAC47-8005-4E03-A405-516496C337C3}.Debug|x86.Build.0 = Debug|Win32
		{895BAC47-8005-4E03-A405-516496C337C3}.Release|x64.ActiveCfg = Release|x64
		{895BAC47-8005-4E03-A405-516496C337C3}.Release|x64.Build.0 = Release|x64
		{895BAC47-8005-4E03-A405-516496C337C3}.Release|x86.ActiveCfg = Release|Win32
		{895BAC47-8005-4E03-A405-516496C337C3}.Release|x86.Build.0 = Release|Win32
		{9789132E-F936-4AAC-A39D-E0E783BD1F5D}.Debug|x64.ActiveCfg = Debug|x64
		{9789132E-F936-4AAC-A39D-E0E783BD1F5D}.Debug|x64.Build.0 = Debug|x64
		{9789132E-F936-4AAC-A39D-E0E783BD1F5D}.Debug|x86.ActiveCfg = Debug|Win32
		{9789132E-F936-4AAC-A39D-E0E783BD1F5D}.Debug|x86.Build.0 = Debug|Win32
		{9789132E-F936-4AAC-A39D-E0E783BD1F5D}.Release|x64.ActiveCfg = Release|x64
		{9789132E-F936-4AAC-A39D-E0E783BD1F5D}.Release|x64.Build.0 = Release|x64
		{9789132E-F936-4AAC-A39D-E0E783BD1F5D}.Release|x86.ActiveCfg = Release|Win32
		{9789132E-F936-4AAC-A39D-E0E783BD1F5D}.Release|x86.Build.0 = Release|Win32
		{F7399FDC-81EE-4498-8B6B-B5475ECB9190}.Debug|x64.ActiveCfg = Debug|x64
		{F7399FDC-81EE-4498-8B6B-B5475ECB9190}.Debug|x64.Build.0 = Debug|x64
		{F7399FDC-81EE-4498-8B6B-B5475ECB9190}.Debug|x86.ActiveCfg = Debug|Win32
		{F7399FDC-81EE-4498-8B6B-B5475ECB9190}.Debug|x86.Build.0 = Debug|Win32
		{F7399FDC-81EE-4498-8B6B-B5475ECB9190}.Release|x64.ActiveCfg = Release|x64
		{F7399FDC-81EE-4498-8B6B-B5475ECB9190}.Release|x64.Build.0 = Release|x64
		{F7399FDC-81EE-4498-8B6B-B5475ECB9190}.Release|x86.ActiveCfg = Release|Win32
		{F7399FDC-81EE-4498-8B6B-B5475ECB9190}.Release|x86.Build.0 = Release|Win32
		{5EC66209-912A-4140-9302-F7C6BBE2FA9E}.Debug|x64.ActiveCfg = Debug|x64
		{5EC66209-912A-4140-9302-F7C6BBE2FA9E}.Debug|x64.Build.0 = Debug|x64
		{5EC66209-912A-4140-9302-F7C6BBE2FA9E}.Debug|x86.ActiveCfg = Debug|Win32
		{5EC66209-912A-4140-9302-F7C6BBE2FA9E}.Debug|x86.Build.0 = Debug|Win32
		{5EC66209-912A-4140-9302-F7C6BBE2FA9E}.Release|x64.ActiveCfg = Release|x64
		{5EC66209-912A-4140-9302-F7C6BBE2FA9E}.Release|x64.Build.0 = Release|x64
		{5EC66209-912A-4140-9302-F7C6BBE2FA9E}.Release|x86.ActiveCfg = Release|Win32
		{5EC66209-912A-4140-9302-F7C6BBE2FA9E}.Release|x86.Build.0 = Release|Win32
		{CFD1B774-A06C-4172-BD0F-841CE1D51D7D}.Debug|x64.ActiveCfg = Debug|x64
		{CFD1B774-A06C-4172-BD0F-841CE1D51D7D}.Debug|x64.Build.0 = Debug|x64
		{CFD1B774-A06C-4172-BD0F-841CE1D51D7D}.Debug|x86.ActiveCfg = Debug|Win32
		{CFD1B774-A06C-4172-BD0F-841CE1D51D7D}.Debug|x86.Build.0 = Debug|Win32
		{CFD1B774-A06C-4172-BD0F-841CE1D51D7D}.Release|x64.ActiveCfg = Release|x64
		{CFD1B774-A06C-4172-BD0F-841CE1D51D7D}.Release|x64.Build.0 = Release|x64
		{CFD1B774-A06C-4172-BD0F-841CE1D51D7D}.Release|x86.ActiveCfg = Release|Win32
		{CFD1B774-A06C-4172-BD0F-841CE1D51D7D}.Release|x86.Build.0 = Release|Win32
		{3A6C2967-0A3C-449A-93F9-9748B11354DB}.Debug|x64.ActiveCfg = Debug|x64
		{3A6C2967-0A3C-449A-93F9-9748B11354DB}.Debug|x64.Build.0 = Debug|x64
		{3A6C2967-0A3C-449A-93F9-9748B11354DB}.Debug|x86.ActiveCfg = Debug|Win32
		{3A6C2967-0A3C-449A-93F9-9748B11354DB}.Debug|x86.Build.0 = Debug|Win32
		{3A6C2967-0A3C-449A-93F9-9748B11354DB}.Release|x64.ActiveCfg = Release|x64
		{3A6C2967-0A3C-449A-93F9-9748B11354DB}.Release|x64.Build.0 = Release|x64
		{3A6C2967-0A3C-449A-93F9-9748B11354DB}.Release|x86.ActiveCfg = Release|Win32
		{3A6C2967-0A3C-449A-93F9-9748B11354DB}.Release|x86.Build.0 = Release|Win32
	EndGlobalSection
	GlobalSection(SolutionProperties) = preSolution
		HideSolutionNode = FALSE
	EndGlobalSection
	GlobalSection(ExtensibilityGlobals) = postSolution
		SolutionGuid = {D2001E61-FBF8-46F4-BFFB-03ED12F81A58}
	EndGlobalSection
EndGlobal
